#
# This file is autogenerated by pip-compile with Python 3.10
# by the following command:
#
#    pip-compile --output-file=requirements.lock requirements.txt
#
absl-py==2.2.2
    # via
    #   -r requirements.txt
    #   tensorboard
accelerate==1.6.0
    # via -r requirements.txt
aiohappyeyeballs==2.6.1
    # via
    #   -r requirements.txt
    #   aiohttp
aiohttp==3.11.16
    # via
    #   -r requirements.txt
    #   fsspec
aiosignal==1.3.2
    # via
    #   -r requirements.txt
    #   aiohttp
annotated-types==0.7.0
    # via
    #   -r requirements.txt
    #   pydantic
anyascii==0.3.2
    # via
    #   -r requirements.txt
    #   coqui-tts
async-timeout==5.0.1
    # via
    #   -r requirements.txt
    #   aiohttp
attrs==25.3.0
    # via
    #   -r requirements.txt
    #   aiohttp
audioread==3.0.1
    # via
    #   -r requirements.txt
    #   librosa
babel==2.17.0
    # via
    #   -r requirements.txt
    #   gruut
blis==0.7.11
    # via
    #   -r requirements.txt
    #   thinc
catalogue==2.0.10
    # via
    #   -r requirements.txt
    #   spacy
    #   srsly
    #   thinc
certifi==2025.1.31
    # via
    #   -r requirements.txt
    #   requests
cffi==1.17.1
    # via
    #   -r requirements.txt
    #   sounddevice
    #   soundfile
charset-normalizer==3.4.1
    # via
    #   -r requirements.txt
    #   requests
click==8.1.8
    # via
    #   -r requirements.txt
    #   typer
cloudpathlib==0.21.0
    # via
    #   -r requirements.txt
    #   weasel
colorama==0.4.6
    # via
    #   -r requirements.txt
    #   click
    #   tqdm
    #   wasabi
confection==0.1.5
    # via
    #   -r requirements.txt
    #   thinc
    #   weasel
contourpy==1.3.2
    # via
    #   -r requirements.txt
    #   matplotlib
coqpit-config==0.1.2
    # via
    #   -r requirements.txt
    #   coqui-tts
    #   coqui-tts-trainer
coqui-tts==0.25.3
    # via -r requirements.txt
coqui-tts-trainer==0.2.2
    # via
    #   -r requirements.txt
    #   coqui-tts
cycler==0.12.1
    # via
    #   -r requirements.txt
    #   matplotlib
cymem==2.0.11
    # via
    #   -r requirements.txt
    #   preshed
    #   spacy
    #   thinc
cython==3.0.12
    # via
    #   -r requirements.txt
    #   coqui-tts
dateparser==1.1.8
    # via
    #   -r requirements.txt
    #   gruut
decorator==5.2.1
    # via
    #   -r requirements.txt
    #   librosa
diffusers==0.33.1
    # via -r requirements.txt
docopt==0.6.2
    # via
    #   -r requirements.txt
    #   num2words
einops==0.8.1
    # via
    #   -r requirements.txt
    #   coqui-tts
    #   encodec
encodec==0.1.1
    # via
    #   -r requirements.txt
    #   coqui-tts
faiss-cpu==1.10.0
    # via -r requirements.txt
filelock==3.18.0
    # via
    #   -r requirements.txt
    #   diffusers
    #   huggingface-hub
    #   torch
    #   transformers
fonttools==4.57.0
    # via
    #   -r requirements.txt
    #   matplotlib
frozenlist==1.6.0
    # via
    #   -r requirements.txt
    #   aiohttp
    #   aiosignal
fsspec[http]==2025.3.2
    # via
    #   -r requirements.txt
    #   coqui-tts
    #   coqui-tts-trainer
    #   huggingface-hub
    #   torch
grpcio==1.71.0
    # via
    #   -r requirements.txt
    #   tensorboard
gruut[de,es,fr]==2.4.0
    # via
    #   -r requirements.txt
    #   coqui-tts
gruut-ipa==0.13.0
    # via
    #   -r requirements.txt
    #   gruut
gruut-lang-de==2.0.1
    # via
    #   -r requirements.txt
    #   gruut
gruut-lang-en==2.0.1
    # via
    #   -r requirements.txt
    #   gruut
gruut-lang-es==2.0.1
    # via
    #   -r requirements.txt
    #   gruut
gruut-lang-fr==2.0.2
    # via
    #   -r requirements.txt
    #   gruut
huggingface-hub==0.30.2
    # via
    #   -r requirements.txt
    #   accelerate
    #   diffusers
    #   sentence-transformers
    #   tokenizers
    #   transformers
idna==3.10
    # via
    #   -r requirements.txt
    #   requests
    #   yarl
importlib-metadata==8.6.1
    # via
    #   -r requirements.txt
    #   diffusers
inflect==7.5.0
    # via
    #   -r requirements.txt
    #   coqui-tts
jinja2==3.1.6
    # via
    #   -r requirements.txt
    #   spacy
    #   torch
joblib==1.4.2
    # via
    #   -r requirements.txt
    #   librosa
    #   scikit-learn
jsonlines==1.2.0
    # via
    #   -r requirements.txt
    #   gruut
kiwisolver==1.4.8
    # via
    #   -r requirements.txt
    #   matplotlib
langcodes==3.5.0
    # via
    #   -r requirements.txt
    #   spacy
language-data==1.3.0
    # via
    #   -r requirements.txt
    #   langcodes
lazy-loader==0.4
    # via
    #   -r requirements.txt
    #   librosa
librosa==0.11.0
    # via
    #   -r requirements.txt
    #   coqui-tts
llvmlite==0.44.0
    # via
    #   -r requirements.txt
    #   numba
marisa-trie==1.2.1
    # via
    #   -r requirements.txt
    #   language-data
markdown==3.8
    # via
    #   -r requirements.txt
    #   tensorboard
markdown-it-py==3.0.0
    # via
    #   -r requirements.txt
    #   rich
markupsafe==3.0.2
    # via
    #   -r requirements.txt
    #   jinja2
    #   werkzeug
matplotlib==3.10.1
    # via
    #   -r requirements.txt
    #   coqui-tts
mdurl==0.1.2
    # via
    #   -r requirements.txt
    #   markdown-it-py
monotonic-alignment-search==0.1.1
    # via
    #   -r requirements.txt
    #   coqui-tts
more-itertools==10.6.0
    # via
    #   -r requirements.txt
    #   inflect
    #   openai-whisper
mpmath==1.3.0
    # via
    #   -r requirements.txt
    #   sympy
msgpack==1.1.0
    # via
    #   -r requirements.txt
    #   librosa
multidict==6.4.3
    # via
    #   -r requirements.txt
    #   aiohttp
    #   yarl
murmurhash==1.0.12
    # via
    #   -r requirements.txt
    #   preshed
    #   spacy
    #   thinc
networkx==3.4.2
    # via
    #   -r requirements.txt
    #   gruut
    #   torch
num2words==0.5.14
    # via
    #   -r requirements.txt
    #   coqui-tts
    #   gruut
numba==0.61.2
    # via
    #   -r requirements.txt
    #   librosa
    #   openai-whisper
numpy==1.26.4
    # via
    #   -r requirements.txt
    #   accelerate
    #   blis
    #   contourpy
    #   coqui-tts
    #   coqui-tts-trainer
    #   diffusers
    #   encodec
    #   faiss-cpu
    #   gruut
    #   librosa
    #   matplotlib
    #   monotonic-alignment-search
    #   numba
    #   openai-whisper
    #   scikit-learn
    #   scipy
    #   soundfile
    #   soxr
    #   spacy
    #   tensorboard
    #   thinc
    #   transformers
openai-whisper==20230918
    # via -r requirements.txt
packaging==24.2
    # via
    #   -r requirements.txt
    #   accelerate
    #   coqui-tts
    #   coqui-tts-trainer
    #   faiss-cpu
    #   huggingface-hub
    #   lazy-loader
    #   matplotlib
    #   pooch
    #   spacy
    #   tensorboard
    #   thinc
    #   transformers
    #   weasel
pillow==11.2.1
    # via
    #   -r requirements.txt
    #   diffusers
    #   matplotlib
    #   sentence-transformers
platformdirs==4.3.7
    # via
    #   -r requirements.txt
    #   pooch
pooch==1.8.2
    # via
    #   -r requirements.txt
    #   librosa
preshed==3.0.9
    # via
    #   -r requirements.txt
    #   spacy
    #   thinc
propcache==0.3.1
    # via
    #   -r requirements.txt
    #   aiohttp
    #   yarl
protobuf==6.30.2
    # via
    #   -r requirements.txt
    #   tensorboard
psutil==7.0.0
    # via
    #   -r requirements.txt
    #   accelerate
    #   coqui-tts-trainer
pycparser==2.22
    # via
    #   -r requirements.txt
    #   cffi
pydantic==2.11.3
    # via
    #   -r requirements.txt
    #   confection
    #   spacy
    #   thinc
    #   weasel
pydantic-core==2.33.1
    # via
    #   -r requirements.txt
    #   pydantic
pydub==0.25.1
    # via -r requirements.txt
pygments==2.19.1
    # via
    #   -r requirements.txt
    #   rich
pyparsing==3.2.3
    # via
    #   -r requirements.txt
    #   matplotlib
pysbd==0.3.4
    # via
    #   -r requirements.txt
    #   coqui-tts
python-crfsuite==0.9.11
    # via
    #   -r requirements.txt
    #   gruut
python-dateutil==2.9.0.post0
    # via
    #   -r requirements.txt
    #   dateparser
    #   matplotlib
python-dotenv==1.1.0
    # via -r requirements.txt
pytz==2025.2
    # via
    #   -r requirements.txt
    #   dateparser
pyyaml==6.0.2
    # via
    #   -r requirements.txt
    #   accelerate
    #   coqui-tts
    #   huggingface-hub
    #   transformers
regex==2024.11.6
    # via
    #   -r requirements.txt
    #   dateparser
    #   diffusers
    #   tiktoken
    #   transformers
requests==2.32.3
    # via
    #   -r requirements.txt
    #   diffusers
    #   huggingface-hub
    #   pooch
    #   spacy
    #   tiktoken
    #   transformers
    #   weasel
rich==14.0.0
    # via
    #   -r requirements.txt
    #   typer
safetensors==0.5.3
    # via
    #   -r requirements.txt
    #   accelerate
    #   diffusers
    #   transformers
scikit-learn==1.6.1
    # via
    #   -r requirements.txt
    #   librosa
    #   sentence-transformers
scipy==1.15.2
    # via
    #   -r requirements.txt
    #   coqui-tts
    #   librosa
    #   scikit-learn
    #   sentence-transformers
sentence-transformers==4.1.0
    # via -r requirements.txt
shellingham==1.5.4
    # via
    #   -r requirements.txt
    #   typer
six==1.17.0
    # via
    #   -r requirements.txt
    #   jsonlines
    #   python-dateutil
    #   tensorboard
smart-open==7.1.0
    # via
    #   -r requirements.txt
    #   weasel
sounddevice==0.5.1
    # via -r requirements.txt
soundfile==0.13.1
    # via
    #   -r requirements.txt
    #   coqui-tts
    #   coqui-tts-trainer
    #   librosa
soxr==0.5.0.post1
    # via
    #   -r requirements.txt
    #   librosa
spacy[ja]==3.7.5
    # via
    #   -r requirements.txt
    #   coqui-tts
spacy-legacy==3.0.12
    # via
    #   -r requirements.txt
    #   spacy
spacy-loggers==1.0.5
    # via
    #   -r requirements.txt
    #   spacy
srsly==2.5.1
    # via
    #   -r requirements.txt
    #   confection
    #   spacy
    #   thinc
    #   weasel
sudachidict-core==20250129
    # via
    #   -r requirements.txt
    #   spacy
sudachipy==0.6.10
    # via
    #   -r requirements.txt
    #   spacy
    #   sudachidict-core
sympy==1.13.1
    # via
    #   -r requirements.txt
    #   torch
tensorboard==2.19.0
    # via
    #   -r requirements.txt
    #   coqui-tts-trainer
tensorboard-data-server==0.7.2
    # via
    #   -r requirements.txt
    #   tensorboard
thinc==8.2.5
    # via
    #   -r requirements.txt
    #   spacy
threadpoolctl==3.6.0
    # via
    #   -r requirements.txt
    #   scikit-learn
tiktoken==0.3.3
    # via
    #   -r requirements.txt
    #   openai-whisper
tokenizers==0.20.3
    # via
    #   -r requirements.txt
    #   transformers
torch==2.6.0
    # via
    #   -r requirements.txt
    #   accelerate
    #   coqui-tts
    #   coqui-tts-trainer
    #   encodec
    #   monotonic-alignment-search
    #   openai-whisper
    #   sentence-transformers
    #   torchaudio
torchaudio==2.6.0
    # via
    #   -r requirements.txt
    #   coqui-tts
    #   encodec
tqdm==4.67.1
    # via
    #   -r requirements.txt
    #   coqui-tts
    #   huggingface-hub
    #   openai-whisper
    #   sentence-transformers
    #   spacy
    #   transformers
transformers==4.46.2
    # via
    #   -r requirements.txt
    #   coqui-tts
    #   sentence-transformers
typeguard==4.4.2
    # via
    #   -r requirements.txt
    #   inflect
typer==0.15.2
    # via
    #   -r requirements.txt
    #   spacy
    #   weasel
typing-extensions==4.13.2
    # via
    #   -r requirements.txt
    #   cloudpathlib
    #   coqpit-config
    #   coqui-tts
    #   huggingface-hub
    #   librosa
    #   multidict
    #   pydantic
    #   pydantic-core
    #   rich
    #   sentence-transformers
    #   torch
    #   typeguard
    #   typer
    #   typing-inspection
typing-inspection==0.4.0
    # via
    #   -r requirements.txt
    #   pydantic
tzdata==2025.2
    # via
    #   -r requirements.txt
    #   tzlocal
tzlocal==5.3.1
    # via
    #   -r requirements.txt
    #   dateparser
urllib3==2.4.0
    # via
    #   -r requirements.txt
    #   requests
wasabi==1.1.3
    # via
    #   -r requirements.txt
    #   spacy
    #   thinc
    #   weasel
weasel==0.4.1
    # via
    #   -r requirements.txt
    #   spacy
werkzeug==3.1.3
    # via
    #   -r requirements.txt
    #   tensorboard
wrapt==1.17.2
    # via
    #   -r requirements.txt
    #   smart-open
yarl==1.20.0
    # via
    #   -r requirements.txt
    #   aiohttp
zipp==3.21.0
    # via
    #   -r requirements.txt
    #   importlib-metadata

# The following packages are considered to be unsafe in a requirements file:
# setuptools
